
Microsoft Visual Studio Solution File, Format Version 12.00
# Visual Studio Version 17
VisualStudioVersion = 17.7.34009.444
MinimumVisualStudioVersion = 10.0.40219.1
Project("{9A19103F-16F7-4668-BE54-9A1E7A4F7556}") = "Learning.API", "Learning.API\Learning.API.csproj", "{78DBFC5E-E95D-430A-A0A8-E48A39F0D05E}"
EndProject
Project("{FAE04EC0-301F-11D3-BF4B-00C04F79EFBC}") = "Learning.UI", "Learning.UI\Learning.UI.csproj", "{DEA87970-B59B-449D-B851-6D33A94AC059}"
EndProject
Global
	GlobalSection(SolutionConfigurationPlatforms) = preSolution
		Debug|Any CPU = Debug|Any CPU
		Release|Any CPU = Release|Any CPU
	EndGlobalSection
	GlobalSection(ProjectConfigurationPlatforms) = postSolution
		{78DBFC5E-E95D-430A-A0A8-E48A39F0D05E}.Debug|Any CPU.ActiveCfg = Debug|Any CPU
		{78DBFC5E-E95D-430A-A0A8-E48A39F0D05E}.Debug|Any CPU.Build.0 = Debug|Any CPU
		{78DBFC5E-E95D-430A-A0A8-E48A39F0D05E}.Release|Any CPU.ActiveCfg = Release|Any CPU
		{78DBFC5E-E95D-430A-A0A8-E48A39F0D05E}.Release|Any CPU.Build.0 = Release|Any CPU
		{DEA87970-B59B-449D-B851-6D33A94AC059}.Debug|Any CPU.ActiveCfg = Debug|Any CPU
		{DEA87970-B59B-449D-B851-6D33A94AC059}.Debug|Any CPU.Build.0 = Debug|Any CPU
		{DEA87970-B59B-449D-B851-6D33A94AC059}.Release|Any CPU.ActiveCfg = Release|Any CPU
		{DEA87970-B59B-449D-B851-6D33A94AC059}.Release|Any CPU.Build.0 = Release|Any CPU
	EndGlobalSection
	GlobalSection(SolutionProperties) = preSolution
		HideSolutionNode = FALSE
	EndGlobalSection
	GlobalSection(ExtensibilityGlobals) = postSolution
		SolutionGuid = {ACC40D98-3029-4B4F-B5BA-44613A4D4EA8}
	EndGlobalSection
EndGlobal
